
Microsoft Visual Studio Solution File, Format Version 12.00
# Visual Studio Version 17
VisualStudioVersion = 17.2.32616.157
MinimumVisualStudioVersion = 10.0.40219.1
Project("{FAE04EC0-301F-11D3-BF4B-00C04F79EFBC}") = "MyHospitalWebApp", "MyHospitalWebApp\MyHospitalWebApp.csproj", "{8431D59B-EACE-4F55-BE55-3CFC996E8319}"
EndProject
Project("{FAE04EC0-301F-11D3-BF4B-00C04F79EFBC}") = "MyAdminHospitalWebApp", "MyAdminHospitalWebApp\MyAdminHospitalWebApp.csproj", "{B9517046-73B1-4F0C-A4C0-5D050767DA0B}"
EndProject
Global
	GlobalSection(SolutionConfigurationPlatforms) = preSolution
		Debug|Any CPU = Debug|Any CPU
		Release|Any CPU = Release|Any CPU
	EndGlobalSection
	GlobalSection(ProjectConfigurationPlatforms) = postSolution
		{8431D59B-EACE-4F55-BE55-3CFC996E8319}.Debug|Any CPU.ActiveCfg = Debug|Any CPU
		{8431D59B-EACE-4F55-BE55-3CFC996E8319}.Debug|Any CPU.Build.0 = Debug|Any CPU
		{8431D59B-EACE-4F55-BE55-3CFC996E8319}.Release|Any CPU.ActiveCfg = Release|Any CPU
		{8431D59B-EACE-4F55-BE55-3CFC996E8319}.Release|Any CPU.Build.0 = Release|Any CPU
		{B9517046-73B1-4F0C-A4C0-5D050767DA0B}.Debug|Any CPU.ActiveCfg = Debug|Any CPU
		{B9517046-73B1-4F0C-A4C0-5D050767DA0B}.Debug|Any CPU.Build.0 = Debug|Any CPU
		{B9517046-73B1-4F0C-A4C0-5D050767DA0B}.Release|Any CPU.ActiveCfg = Release|Any CPU
		{B9517046-73B1-4F0C-A4C0-5D050767DA0B}.Release|Any CPU.Build.0 = Release|Any CPU
	EndGlobalSection
	GlobalSection(SolutionProperties) = preSolution
		HideSolutionNode = FALSE
	EndGlobalSection
	GlobalSection(ExtensibilityGlobals) = postSolution
		SolutionGuid = {583BFDBC-A779-44C5-A2B6-47828B42470E}
	EndGlobalSection
EndGlobal
